{
  "object": {
    "pins": [
      {
        "package": "DummyLinuxOSLog",
        "repositoryURL": "git@github.com:happn-app/DummyLinuxOSLog.git",
        "state": {
          "branch": null,
          "revision": "ce7a3bc30d38640d2bea2a3a72a7866d8d13c538",
          "version": "1.0.1"
        }
      },
      {
        "package": "CZlib",
        "repositoryURL": "git@github.com:happn-app/Swift-zlib.git",
        "state": {
          "branch": null,
          "revision": "a7683403458b71a562cdd21c17935555ea15fe9e",
          "version": "1.0.0"
        }
      },
      {
        "package": "XibLoc",
        "repositoryURL": "git@github.com:happn-app/XibLoc.git",
        "state": {
          "branch": "tmp",
          "revision": "8d54e8623a2072280d31cc26b921a93bbac97f50",
          "version": null
        }
      }
    ]
  },
  "version": 1
}
