{
  "object": {
    "pins": [
      {
        "package": "swift-log",
        "repositoryURL": "https://github.com/apple/swift-log.git",
        "state": {
          "branch": null,
          "revision": "74d7b91ceebc85daf387ebb206003f78813f71aa",
          "version": "1.2.0"
        }
      },
      {
        "package": "XibLoc",
        "repositoryURL": "https://github.com/happn-tech/XibLoc.git",
        "state": {
          "branch": "dev.cache",
          "revision": "ee2ca257f8f1f5c44880540612dccc984b9e8547",
          "version": null
        }
      }
    ]
  },
  "version": 1
}
