// !$*UTF8*$!
{
	archiveVersion = 1;
	classes = {
	};
	objectVersion = 46;
	objects = {

/* Begin PBXBuildFile section */
		7B6E25A319D4157A001934ED /* main.swift in Sources */ = {isa = PBXBuildFile; fileRef = 7B6E25A219D4157A001934ED /* main.swift */; };
		7B6E25AA19D417BD001934ED /* stderr.swift in Sources */ = {isa = PBXBuildFile; fileRef = 7B6E25A919D417BD001934ED /* stderr.swift */; };
		7B6E25AC19D430C5001934ED /* XcodeStringsFile.swift in Sources */ = {isa = PBXBuildFile; fileRef = 7B6E25AB19D430C5001934ED /* XcodeStringsFile.swift */; };
		7B74908E1A1600FE0021E10F /* AndroidXMLLocFile.swift in Sources */ = {isa = PBXBuildFile; fileRef = 7B74908D1A1600FE0021E10F /* AndroidXMLLocFile.swift */; };
		7B87D4DA1A3AECD500C151A8 /* CSVParser.swift in Sources */ = {isa = PBXBuildFile; fileRef = 7B87D4D91A3AECD500C151A8 /* CSVParser.swift */; };
		7BFA536B19D56DD100CF2A2E /* happnCSVLocFile.swift in Sources */ = {isa = PBXBuildFile; fileRef = 7BFA536A19D56DD100CF2A2E /* happnCSVLocFile.swift */; };
/* End PBXBuildFile section */

/* Begin PBXCopyFilesBuildPhase section */
		7B6E259D19D4157A001934ED /* CopyFiles */ = {
			isa = PBXCopyFilesBuildPhase;
			buildActionMask = 2147483647;
			dstPath = /usr/share/man/man1/;
			dstSubfolderSpec = 0;
			files = (
			);
			runOnlyForDeploymentPostprocessing = 1;
		};
/* End PBXCopyFilesBuildPhase section */

/* Begin PBXFileReference section */
		7B6E259F19D4157A001934ED /* Localizer */ = {isa = PBXFileReference; explicitFileType = "compiled.mach-o.executable"; includeInIndex = 0; path = Localizer; sourceTree = BUILT_PRODUCTS_DIR; };
		7B6E25A219D4157A001934ED /* main.swift */ = {isa = PBXFileReference; lastKnownFileType = sourcecode.swift; path = main.swift; sourceTree = "<group>"; };
		7B6E25A919D417BD001934ED /* stderr.swift */ = {isa = PBXFileReference; fileEncoding = 4; lastKnownFileType = sourcecode.swift; path = stderr.swift; sourceTree = "<group>"; };
		7B6E25AB19D430C5001934ED /* XcodeStringsFile.swift */ = {isa = PBXFileReference; fileEncoding = 4; lastKnownFileType = sourcecode.swift; path = XcodeStringsFile.swift; sourceTree = "<group>"; };
		7B74908D1A1600FE0021E10F /* AndroidXMLLocFile.swift */ = {isa = PBXFileReference; fileEncoding = 4; lastKnownFileType = sourcecode.swift; path = AndroidXMLLocFile.swift; sourceTree = "<group>"; };
		7B87D4D91A3AECD500C151A8 /* CSVParser.swift */ = {isa = PBXFileReference; fileEncoding = 4; lastKnownFileType = sourcecode.swift; path = CSVParser.swift; sourceTree = "<group>"; };
		7BFA536A19D56DD100CF2A2E /* happnCSVLocFile.swift */ = {isa = PBXFileReference; fileEncoding = 4; lastKnownFileType = sourcecode.swift; path = happnCSVLocFile.swift; sourceTree = "<group>"; };
/* End PBXFileReference section */

/* Begin PBXFrameworksBuildPhase section */
		7B6E259C19D4157A001934ED /* Frameworks */ = {
			isa = PBXFrameworksBuildPhase;
			buildActionMask = 2147483647;
			files = (
			);
			runOnlyForDeploymentPostprocessing = 0;
		};
/* End PBXFrameworksBuildPhase section */

/* Begin PBXGroup section */
		7B6E259619D4157A001934ED = {
			isa = PBXGroup;
			children = (
				7B6E25A119D4157A001934ED /* Localizer */,
				7B6E25A019D4157A001934ED /* Products */,
			);
			sourceTree = "<group>";
		};
		7B6E25A019D4157A001934ED /* Products */ = {
			isa = PBXGroup;
			children = (
				7B6E259F19D4157A001934ED /* Localizer */,
			);
			name = Products;
			sourceTree = "<group>";
		};
		7B6E25A119D4157A001934ED /* Localizer */ = {
			isa = PBXGroup;
			children = (
				7B6E25A919D417BD001934ED /* stderr.swift */,
				7B6E25A219D4157A001934ED /* main.swift */,
				7B6E25AB19D430C5001934ED /* XcodeStringsFile.swift */,
				7BFA536A19D56DD100CF2A2E /* happnCSVLocFile.swift */,
				7B74908D1A1600FE0021E10F /* AndroidXMLLocFile.swift */,
				7B87D4D91A3AECD500C151A8 /* CSVParser.swift */,
			);
			path = Localizer;
			sourceTree = "<group>";
		};
/* End PBXGroup section */

/* Begin PBXNativeTarget section */
		7B6E259E19D4157A001934ED /* Localizer */ = {
			isa = PBXNativeTarget;
			buildConfigurationList = 7B6E25A619D4157A001934ED /* Build configuration list for PBXNativeTarget "Localizer" */;
			buildPhases = (
				7B6E259B19D4157A001934ED /* Sources */,
				7B6E259C19D4157A001934ED /* Frameworks */,
				7B6E259D19D4157A001934ED /* CopyFiles */,
			);
			buildRules = (
			);
			dependencies = (
			);
			name = Localizer;
			productName = Localizer;
			productReference = 7B6E259F19D4157A001934ED /* Localizer */;
			productType = "com.apple.product-type.tool";
		};
/* End PBXNativeTarget section */

/* Begin PBXProject section */
		7B6E259719D4157A001934ED /* Project object */ = {
			isa = PBXProject;
			attributes = {
				LastSwiftMigration = 0710;
				LastSwiftUpdateCheck = 0700;
				LastUpgradeCheck = 0710;
				ORGANIZATIONNAME = happn;
				TargetAttributes = {
					7B6E259E19D4157A001934ED = {
						CreatedOnToolsVersion = 6.1;
					};
				};
			};
			buildConfigurationList = 7B6E259A19D4157A001934ED /* Build configuration list for PBXProject "Localizer" */;
			compatibilityVersion = "Xcode 3.2";
			developmentRegion = English;
			hasScannedForEncodings = 0;
			knownRegions = (
				en,
			);
			mainGroup = 7B6E259619D4157A001934ED;
			productRefGroup = 7B6E25A019D4157A001934ED /* Products */;
			projectDirPath = "";
			projectRoot = "";
			targets = (
				7B6E259E19D4157A001934ED /* Localizer */,
			);
		};
/* End PBXProject section */

/* Begin PBXSourcesBuildPhase section */
		7B6E259B19D4157A001934ED /* Sources */ = {
			isa = PBXSourcesBuildPhase;
			buildActionMask = 2147483647;
			files = (
				7B6E25A319D4157A001934ED /* main.swift in Sources */,
				7B74908E1A1600FE0021E10F /* AndroidXMLLocFile.swift in Sources */,
				7BFA536B19D56DD100CF2A2E /* happnCSVLocFile.swift in Sources */,
				7B6E25AA19D417BD001934ED /* stderr.swift in Sources */,
				7B6E25AC19D430C5001934ED /* XcodeStringsFile.swift in Sources */,
				7B87D4DA1A3AECD500C151A8 /* CSVParser.swift in Sources */,
			);
			runOnlyForDeploymentPostprocessing = 0;
		};
/* End PBXSourcesBuildPhase section */

/* Begin XCBuildConfiguration section */
		7B6E25A419D4157A001934ED /* Debug */ = {
			isa = XCBuildConfiguration;
			buildSettings = {
				ALWAYS_SEARCH_USER_PATHS = NO;
				CLANG_CXX_LANGUAGE_STANDARD = "gnu++0x";
				CLANG_CXX_LIBRARY = "libc++";
				CLANG_ENABLE_MODULES = YES;
				CLANG_ENABLE_OBJC_ARC = YES;
				CLANG_WARN_BOOL_CONVERSION = YES;
				CLANG_WARN_CONSTANT_CONVERSION = YES;
				CLANG_WARN_DIRECT_OBJC_ISA_USAGE = YES_ERROR;
				CLANG_WARN_EMPTY_BODY = YES;
				CLANG_WARN_ENUM_CONVERSION = YES;
				CLANG_WARN_INT_CONVERSION = YES;
				CLANG_WARN_OBJC_ROOT_CLASS = YES_ERROR;
				CLANG_WARN_UNREACHABLE_CODE = YES;
				CLANG_WARN__DUPLICATE_METHOD_MATCH = YES;
				COPY_PHASE_STRIP = NO;
				ENABLE_STRICT_OBJC_MSGSEND = YES;
				ENABLE_TESTABILITY = YES;
				GCC_C_LANGUAGE_STANDARD = gnu99;
				GCC_DYNAMIC_NO_PIC = NO;
				GCC_OPTIMIZATION_LEVEL = 0;
				GCC_PREPROCESSOR_DEFINITIONS = (
					"DEBUG=1",
					"$(inherited)",
				);
				GCC_SYMBOLS_PRIVATE_EXTERN = NO;
				GCC_WARN_64_TO_32_BIT_CONVERSION = YES;
				GCC_WARN_ABOUT_RETURN_TYPE = YES_ERROR;
				GCC_WARN_UNDECLARED_SELECTOR = YES;
				GCC_WARN_UNINITIALIZED_AUTOS = YES_AGGRESSIVE;
				GCC_WARN_UNUSED_FUNCTION = YES;
				GCC_WARN_UNUSED_VARIABLE = YES;
				MACOSX_DEPLOYMENT_TARGET = 10.9;
				MTL_ENABLE_DEBUG_INFO = YES;
				ONLY_ACTIVE_ARCH = YES;
				SWIFT_OPTIMIZATION_LEVEL = "-Onone";
			};
			name = Debug;
		};
		7B6E25A519D4157A001934ED /* Release */ = {
			isa = XCBuildConfiguration;
			buildSettings = {
				ALWAYS_SEARCH_USER_PATHS = NO;
				CLANG_CXX_LANGUAGE_STANDARD = "gnu++0x";
				CLANG_CXX_LIBRARY = "libc++";
				CLANG_ENABLE_MODULES = YES;
				CLANG_ENABLE_OBJC_ARC = YES;
				CLANG_WARN_BOOL_CONVERSION = YES;
				CLANG_WARN_CONSTANT_CONVERSION = YES;
				CLANG_WARN_DIRECT_OBJC_ISA_USAGE = YES_ERROR;
				CLANG_WARN_EMPTY_BODY = YES;
				CLANG_WARN_ENUM_CONVERSION = YES;
				CLANG_WARN_INT_CONVERSION = YES;
				CLANG_WARN_OBJC_ROOT_CLASS = YES_ERROR;
				CLANG_WARN_UNREACHABLE_CODE = YES;
				CLANG_WARN__DUPLICATE_METHOD_MATCH = YES;
				COPY_PHASE_STRIP = YES;
				DEBUG_INFORMATION_FORMAT = "dwarf-with-dsym";
				ENABLE_NS_ASSERTIONS = NO;
				ENABLE_STRICT_OBJC_MSGSEND = YES;
				GCC_C_LANGUAGE_STANDARD = gnu99;
				GCC_WARN_64_TO_32_BIT_CONVERSION = YES;
				GCC_WARN_ABOUT_RETURN_TYPE = YES_ERROR;
				GCC_WARN_UNDECLARED_SELECTOR = YES;
				GCC_WARN_UNINITIALIZED_AUTOS = YES_AGGRESSIVE;
				GCC_WARN_UNUSED_FUNCTION = YES;
				GCC_WARN_UNUSED_VARIABLE = YES;
				MACOSX_DEPLOYMENT_TARGET = 10.9;
				MTL_ENABLE_DEBUG_INFO = NO;
			};
			name = Release;
		};
		7B6E25A719D4157A001934ED /* Debug */ = {
			isa = XCBuildConfiguration;
			buildSettings = {
				PRODUCT_NAME = "$(TARGET_NAME)";
			};
			name = Debug;
		};
		7B6E25A819D4157A001934ED /* Release */ = {
			isa = XCBuildConfiguration;
			buildSettings = {
				PRODUCT_NAME = "$(TARGET_NAME)";
			};
			name = Release;
		};
/* End XCBuildConfiguration section */

/* Begin XCConfigurationList section */
		7B6E259A19D4157A001934ED /* Build configuration list for PBXProject "Localizer" */ = {
			isa = XCConfigurationList;
			buildConfigurations = (
				7B6E25A419D4157A001934ED /* Debug */,
				7B6E25A519D4157A001934ED /* Release */,
			);
			defaultConfigurationIsVisible = 0;
			defaultConfigurationName = Release;
		};
		7B6E25A619D4157A001934ED /* Build configuration list for PBXNativeTarget "Localizer" */ = {
			isa = XCConfigurationList;
			buildConfigurations = (
				7B6E25A719D4157A001934ED /* Debug */,
				7B6E25A819D4157A001934ED /* Release */,
			);
			defaultConfigurationIsVisible = 0;
			defaultConfigurationName = Release;
		};
/* End XCConfigurationList section */
	};
	rootObject = 7B6E259719D4157A001934ED /* Project object */;
}
