{
  "originHash" : "cd163a8fc5008dca4552f4d63252c778e15d2758eab784eb1c1182f1f1665631",
  "pins" : [
    {
      "identity" : "cltlogger",
      "kind" : "remoteSourceControl",
      "location" : "https://github.com/xcode-actions/CLTLogger.git",
      "state" : {
        "revision" : "d2d2be799fde3e564f6f2c35b708403bf609a0fb",
        "version" : "0.9.0"
      }
    },
    {
      "identity" : "swift-argument-parser",
      "kind" : "remoteSourceControl",
      "location" : "https://github.com/apple/swift-argument-parser.git",
      "state" : {
        "revision" : "6b2aa2748a7881eebb9f84fb10c01293e15b52ca",
        "version" : "0.5.0"
      }
    },
    {
      "identity" : "swift-log",
      "kind" : "remoteSourceControl",
      "location" : "https://github.com/apple/swift-log.git",
      "state" : {
        "revision" : "ce592ae52f982c847a4efc0dd881cc9eb32d29f2",
        "version" : "1.6.4"
      }
    },
    {
      "identity" : "xibloc",
      "kind" : "remoteSourceControl",
      "location" : "https://github.com/happn-app/XibLoc.git",
      "state" : {
        "branch" : "fix/adding_swiftui_library",
        "revision" : "748c2e0357cfa72bb06d812bcb6b698b4205ccf0"
      }
    }
  ],
  "version" : 3
}
