{
  "pins" : [
    {
      "identity" : "cltlogger",
      "kind" : "remoteSourceControl",
      "location" : "https://github.com/xcode-actions/CLTLogger.git",
      "state" : {
        "revision" : "a3e33f58aa30ec9c33f022dd512e00e0663606c1",
        "version" : "0.5.1"
      }
    },
    {
      "identity" : "swift-argument-parser",
      "kind" : "remoteSourceControl",
      "location" : "https://github.com/apple/swift-argument-parser.git",
      "state" : {
        "revision" : "6b2aa2748a7881eebb9f84fb10c01293e15b52ca",
        "version" : "0.5.0"
      }
    },
    {
      "identity" : "swift-log",
      "kind" : "remoteSourceControl",
      "location" : "https://github.com/apple/swift-log.git",
      "state" : {
        "revision" : "32e8d724467f8fe623624570367e3d50c5638e46",
        "version" : "1.5.2"
      }
    },
    {
      "identity" : "xibloc",
      "kind" : "remoteSourceControl",
      "location" : "https://github.com/happn-app/XibLoc.git",
      "state" : {
        "revision" : "1abb69ac28e2a30b997f720ff3b3cdab59d9b1fa",
        "version" : "1.2.4"
      }
    }
  ],
  "version" : 2
}
