{
  "object": {
    "pins": [
      {
        "package": "DummyLinuxOSLog",
        "repositoryURL": "https://github.com/happn-tech/DummyLinuxOSLog.git",
        "state": {
          "branch": null,
          "revision": "ce7a3bc30d38640d2bea2a3a72a7866d8d13c538",
          "version": "1.0.1"
        }
      },
      {
        "package": "XibLoc",
        "repositoryURL": "https://github.com/happn-app/XibLoc.git",
        "state": {
          "branch": null,
          "revision": "1dd4755ec0809fd5c0fcf37648a19aadb96fd1db",
          "version": "0.9.8"
        }
      }
    ]
  },
  "version": 1
}
