<?xml version="1.0" encoding="UTF-8"?>
<Scheme
   LastUpgradeVersion = "1110"
   version = "1.3">
   <BuildAction
      parallelizeBuildables = "YES"
      buildImplicitDependencies = "YES">
      <BuildActionEntries>
         <BuildActionEntry
            buildForTesting = "YES"
            buildForRunning = "YES"
            buildForProfiling = "YES"
            buildForArchiving = "YES"
            buildForAnalyzing = "YES">
            <BuildableReference
               BuildableIdentifier = "primary"
               BlueprintIdentifier = "7B6E259E19D4157A001934ED"
               BuildableName = "locmapper"
               BlueprintName = "LocMapper CLI"
               ReferencedContainer = "container:LocMapper.xcodeproj">
            </BuildableReference>
         </BuildActionEntry>
      </BuildActionEntries>
   </BuildAction>
   <TestAction
      buildConfiguration = "Debug"
      selectedDebuggerIdentifier = "Xcode.DebuggerFoundation.Debugger.LLDB"
      selectedLauncherIdentifier = "Xcode.DebuggerFoundation.Launcher.LLDB"
      shouldUseLaunchSchemeArgsEnv = "YES">
      <MacroExpansion>
         <BuildableReference
            BuildableIdentifier = "primary"
            BlueprintIdentifier = "7B6E259E19D4157A001934ED"
            BuildableName = "locmapper"
            BlueprintName = "LocMapper CLI"
            ReferencedContainer = "container:LocMapper.xcodeproj">
         </BuildableReference>
      </MacroExpansion>
      <Testables>
      </Testables>
   </TestAction>
   <LaunchAction
      buildConfiguration = "Debug"
      selectedDebuggerIdentifier = "Xcode.DebuggerFoundation.Debugger.LLDB"
      selectedLauncherIdentifier = "Xcode.DebuggerFoundation.Launcher.LLDB"
      launchStyle = "0"
      useCustomWorkingDirectory = "NO"
      ignoresPersistentStateOnLaunch = "NO"
      debugDocumentVersioning = "YES"
      debugServiceExtension = "internal"
      allowLocationSimulation = "YES">
      <BuildableProductRunnable
         runnableDebuggingMode = "0">
         <BuildableReference
            BuildableIdentifier = "primary"
            BlueprintIdentifier = "7B6E259E19D4157A001934ED"
            BuildableName = "locmapper"
            BlueprintName = "LocMapper CLI"
            ReferencedContainer = "container:LocMapper.xcodeproj">
         </BuildableReference>
      </BuildableProductRunnable>
      <CommandLineArguments>
         <CommandLineArgument
            argument = "--csv-separator=;"
            isEnabled = "NO">
         </CommandLineArgument>
         <CommandLineArgument
            argument = "&#x2014;&#x2014;&#x2014;&#x2014;&#x2014;&#x2014;&#x2014;&#x2014;&#x2014;&#x2014;&#x2014;&#x2014;&#x2014;&#x2014;&#x2014;&#x2014;&#x2014;&#x2014;&#x2014;&#x2014;&#x2014;&#x2014;"
            isEnabled = "NO">
         </CommandLineArgument>
         <CommandLineArgument
            argument = "--help"
            isEnabled = "YES">
         </CommandLineArgument>
         <CommandLineArgument
            argument = "--version"
            isEnabled = "NO">
         </CommandLineArgument>
         <CommandLineArgument
            argument = "&#x2014;&#x2014;&#x2014;&#x2014;&#x2014;&#x2014;&#x2014;&#x2014;&#x2014;&#x2014;&#x2014;&#x2014;&#x2014;&#x2014;&#x2014;&#x2014;&#x2014;&#x2014;&#x2014;&#x2014;&#x2014;&#x2014;"
            isEnabled = "NO">
         </CommandLineArgument>
         <CommandLineArgument
            argument = "update_xcode_strings_from_code"
            isEnabled = "NO">
         </CommandLineArgument>
         <CommandLineArgument
            argument = "--help"
            isEnabled = "NO">
         </CommandLineArgument>
         <CommandLineArgument
            argument = "--languages=en,fr"
            isEnabled = "NO">
         </CommandLineArgument>
         <CommandLineArgument
            argument = "--encoding=utf8"
            isEnabled = "NO">
         </CommandLineArgument>
         <CommandLineArgument
            argument = "--delete-missing-keys=true"
            isEnabled = "NO">
         </CommandLineArgument>
         <CommandLineArgument
            argument = "--unlocalized-xibs-files-list=.locmapper__unlocalized_xibs"
            isEnabled = "NO">
         </CommandLineArgument>
         <CommandLineArgument
            argument = "--unused-stringsfiles-files-list=.locmapper__unused_stringfiles"
            isEnabled = "NO">
         </CommandLineArgument>
         <CommandLineArgument
            argument = "--localizables-path=&quot;GPS Stone/Supporting Files/Localizables&quot;"
            isEnabled = "NO">
         </CommandLineArgument>
         <CommandLineArgument
            argument = "--exclude-list=&quot;gfx building/,App Store/,.git/&quot;"
            isEnabled = "NO">
         </CommandLineArgument>
         <CommandLineArgument
            argument = "/Users/frizlab/Downloads/gpsstone"
            isEnabled = "NO">
         </CommandLineArgument>
         <CommandLineArgument
            argument = "&#x2014;&#x2014;&#x2014;&#x2014;&#x2014;&#x2014;&#x2014;&#x2014;&#x2014;&#x2014;&#x2014;"
            isEnabled = "NO">
         </CommandLineArgument>
         <CommandLineArgument
            argument = "--encoding=utf8"
            isEnabled = "NO">
         </CommandLineArgument>
         <CommandLineArgument
            argument = "--exclude-list=&quot;Carthage/,Dependencies/,.git/&quot;"
            isEnabled = "NO">
         </CommandLineArgument>
         <CommandLineArgument
            argument = "--unused-stringsfiles-files-list=.localizesh__unused_files"
            isEnabled = "NO">
         </CommandLineArgument>
         <CommandLineArgument
            argument = "--unlocalized-xibs-files-list=.localizesh__unlocalized_xibs"
            isEnabled = "NO">
         </CommandLineArgument>
         <CommandLineArgument
            argument = "--include-list=&quot;happn/&quot;"
            isEnabled = "NO">
         </CommandLineArgument>
         <CommandLineArgument
            argument = "--localizables-path=&quot;happn/Localizables&quot;"
            isEnabled = "NO">
         </CommandLineArgument>
         <CommandLineArgument
            argument = "/Users/frizlab/Downloads/happn-apple"
            isEnabled = "NO">
         </CommandLineArgument>
         <CommandLineArgument
            argument = "HC_LT_LOGIN &quot;HC Login&quot; HC_LT_TUTORIAL &quot;HC Tutorial&quot; HC_LT_HOME &quot;HC Home&quot; HC_LT_USER_PROFILES &quot;HC User Profiles&quot; HC_LT_NOTIFICATIONS &quot;HC Notifications&quot; HC_LT_CONVERSATIONS &quot;HC Conversations&quot; HC_LT_PHOTOS &quot;HC Photos&quot; HC_LT_PREFERENCES &quot;HC Preferences&quot; HC_LT_POP_UPS &quot;HC Pop-Ups&quot; HC_LT_INVITE_FRIENDS &quot;InviteFriends&quot; HC_LT_ERRORS &quot;HC Errors&quot; HC_LT_INFOS &quot;HC Info&quot; HC_LT_MAP &quot;HC Map&quot; HC_LT_COUNTRY &quot;Country&quot; HC_LT_GAME &quot;Game&quot;"
            isEnabled = "NO">
         </CommandLineArgument>
         <CommandLineArgument
            argument = "&#x2014;&#x2014;&#x2014;&#x2014;&#x2014;&#x2014;&#x2014;&#x2014;&#x2014;&#x2014;&#x2014;&#x2014;&#x2014;&#x2014;&#x2014;&#x2014;&#x2014;&#x2014;&#x2014;&#x2014;&#x2014;&#x2014;"
            isEnabled = "NO">
         </CommandLineArgument>
         <CommandLineArgument
            argument = "export_to_xcode"
            isEnabled = "NO">
         </CommandLineArgument>
         <CommandLineArgument
            argument = "--encoding=utf8"
            isEnabled = "NO">
         </CommandLineArgument>
         <CommandLineArgument
            argument = "/Users/frizlab/Downloads/happn-apple/&quot;Localization Map.lcm&quot;"
            isEnabled = "NO">
         </CommandLineArgument>
         <CommandLineArgument
            argument = "/Users/frizlab/Downloads/happn-apple"
            isEnabled = "NO">
         </CommandLineArgument>
         <CommandLineArgument
            argument = "&#x2014;&#x2014;&#x2014;&#x2014;&#x2014;&#x2014;&#x2014;&#x2014;&#x2014;&#x2014;&#x2014;&#x2014;&#x2014;&#x2014;&#x2014;&#x2014;&#x2014;&#x2014;&#x2014;&#x2014;&#x2014;&#x2014;"
            isEnabled = "NO">
         </CommandLineArgument>
         <CommandLineArgument
            argument = "merge_xcode_locs"
            isEnabled = "NO">
         </CommandLineArgument>
         <CommandLineArgument
            argument = "--help"
            isEnabled = "NO">
         </CommandLineArgument>
         <CommandLineArgument
            argument = "--exclude-list=&quot;Carthage/,Dependencies/,.git/&quot;"
            isEnabled = "NO">
         </CommandLineArgument>
         <CommandLineArgument
            argument = " --include-list=&quot;/en.lproj/&quot;"
            isEnabled = "NO">
         </CommandLineArgument>
         <CommandLineArgument
            argument = "/Users/frizlab/Downloads/happn-apple"
            isEnabled = "NO">
         </CommandLineArgument>
         <CommandLineArgument
            argument = "/Users/frizlab/Downloads/happn-apple/&quot;Localization Map.lcm&quot;"
            isEnabled = "NO">
         </CommandLineArgument>
         <CommandLineArgument
            argument = "&#x2014;&#x2014;&#x2014;&#x2014;&#x2014;&#x2014;&#x2014;&#x2014;&#x2014;&#x2014;&#x2014;&#x2014;&#x2014;&#x2014;&#x2014;&#x2014;&#x2014;&#x2014;&#x2014;&#x2014;&#x2014;&#x2014;"
            isEnabled = "NO">
         </CommandLineArgument>
         <CommandLineArgument
            argument = "merge_android_locs"
            isEnabled = "NO">
         </CommandLineArgument>
         <CommandLineArgument
            argument = "--res-folder=."
            isEnabled = "NO">
         </CommandLineArgument>
         <CommandLineArgument
            argument = "--strings-filenames=strings.xml"
            isEnabled = "NO">
         </CommandLineArgument>
         <CommandLineArgument
            argument = "/Users/frizlab/Downloads/happn-android/happn/src/main/res/"
            isEnabled = "NO">
         </CommandLineArgument>
         <CommandLineArgument
            argument = "/Users/frizlab/Downloads/happn-android/locmapper/android.lcm"
            isEnabled = "NO">
         </CommandLineArgument>
         <CommandLineArgument
            argument = "values &quot; English&quot;"
            isEnabled = "NO">
         </CommandLineArgument>
         <CommandLineArgument
            argument = "&#x2014;&#x2014;&#x2014;&#x2014;&#x2014;&#x2014;&#x2014;&#x2014;&#x2014;&#x2014;&#x2014;&#x2014;&#x2014;&#x2014;&#x2014;&#x2014;&#x2014;&#x2014;&#x2014;&#x2014;&#x2014;&#x2014;"
            isEnabled = "NO">
         </CommandLineArgument>
         <CommandLineArgument
            argument = "export_to_android"
            isEnabled = "NO">
         </CommandLineArgument>
         <CommandLineArgument
            argument = "--strings-filenames=strings.xml"
            isEnabled = "NO">
         </CommandLineArgument>
         <CommandLineArgument
            argument = "/Users/frizlab/Downloads/happn-android/locmapper/android.lcm"
            isEnabled = "NO">
         </CommandLineArgument>
         <CommandLineArgument
            argument = "/Users/frizlab/Downloads/happn-android/happn/src/main/res/"
            isEnabled = "NO">
         </CommandLineArgument>
         <CommandLineArgument
            argument = "&#x2014;&#x2014;&#x2014;&#x2014;&#x2014;&#x2014;&#x2014;&#x2014;&#x2014;&#x2014;&#x2014;&#x2014;&#x2014;&#x2014;&#x2014;&#x2014;&#x2014;&#x2014;&#x2014;&#x2014;&#x2014;&#x2014;"
            isEnabled = "NO">
         </CommandLineArgument>
         <CommandLineArgument
            argument = "lint"
            isEnabled = "NO">
         </CommandLineArgument>
         <CommandLineArgument
            argument = "--detect-unused-refloc=true"
            isEnabled = "NO">
         </CommandLineArgument>
         <CommandLineArgument
            argument = "/Users/frizlab/Downloads/happn-apple/&quot;Localization Map.lcm&quot;"
            isEnabled = "NO">
         </CommandLineArgument>
         <CommandLineArgument
            argument = "/Users/frizlab/Downloads/happn-android/locmapper/android.lcm"
            isEnabled = "NO">
         </CommandLineArgument>
         <CommandLineArgument
            argument = "&#x2014;&#x2014;&#x2014;&#x2014;&#x2014;&#x2014;&#x2014;&#x2014;&#x2014;&#x2014;&#x2014;&#x2014;&#x2014;&#x2014;&#x2014;&#x2014;&#x2014;&#x2014;&#x2014;&#x2014;&#x2014;&#x2014;"
            isEnabled = "NO">
         </CommandLineArgument>
         <CommandLineArgument
            argument = "merge_lokalise_trads_as_xibrefloc"
            isEnabled = "NO">
         </CommandLineArgument>
         <CommandLineArgument
            argument = "--merge-style=replace"
            isEnabled = "NO">
         </CommandLineArgument>
         <CommandLineArgument
            argument = "REDACTED"
            isEnabled = "NO">
         </CommandLineArgument>
         <CommandLineArgument
            argument = "REDACTED"
            isEnabled = "NO">
         </CommandLineArgument>
         <CommandLineArgument
            argument = "/Users/frizlab/Downloads/happn-apple/&quot;Localization Map.lcm&quot;"
            isEnabled = "NO">
         </CommandLineArgument>
         <CommandLineArgument
            argument = "&#x2014;&#x2014;&#x2014;&#x2014;&#x2014;&#x2014;&#x2014;&#x2014;&#x2014;&#x2014;&#x2014;&#x2014;&#x2014;&#x2014;&#x2014;&#x2014;&#x2014;&#x2014;&#x2014;&#x2014;&#x2014;&#x2014;"
            isEnabled = "NO">
         </CommandLineArgument>
         <CommandLineArgument
            argument = "merge_lokalise_trads_as_stdrefloc"
            isEnabled = "NO">
         </CommandLineArgument>
         <CommandLineArgument
            argument = "--merge-style=replace"
            isEnabled = "NO">
         </CommandLineArgument>
         <CommandLineArgument
            argument = "--excluded-tags=deprecated,notapplicable"
            isEnabled = "NO">
         </CommandLineArgument>
         <CommandLineArgument
            argument = "REDACTED"
            isEnabled = "NO">
         </CommandLineArgument>
         <CommandLineArgument
            argument = "REDACTED"
            isEnabled = "NO">
         </CommandLineArgument>
         <CommandLineArgument
            argument = "/Users/frizlab/Downloads/happn-android/locmapper/android.lcm"
            isEnabled = "NO">
         </CommandLineArgument>
         <CommandLineArgument
            argument = "&#x2014;&#x2014;&#x2014;&#x2014;&#x2014;&#x2014;&#x2014;&#x2014;&#x2014;&#x2014;&#x2014;&#x2014;&#x2014;&#x2014;&#x2014;&#x2014;&#x2014;&#x2014;&#x2014;&#x2014;&#x2014;&#x2014;"
            isEnabled = "NO">
         </CommandLineArgument>
         <CommandLineArgument
            argument = "experimental upload_xibrefloc_to_lokalise"
            isEnabled = "NO">
         </CommandLineArgument>
         <CommandLineArgument
            argument = "REDACTED"
            isEnabled = "NO">
         </CommandLineArgument>
         <CommandLineArgument
            argument = "REDACTED"
            isEnabled = "NO">
         </CommandLineArgument>
         <CommandLineArgument
            argument = "/Users/frizlab/Downloads/xibrefloc.csv"
            isEnabled = "NO">
         </CommandLineArgument>
         <CommandLineArgument
            argument = "&#x2014;&#x2014;&#x2014;&#x2014;&#x2014;&#x2014;&#x2014;&#x2014;&#x2014;&#x2014;&#x2014;&#x2014;&#x2014;&#x2014;&#x2014;&#x2014;&#x2014;&#x2014;&#x2014;&#x2014;&#x2014;&#x2014;"
            isEnabled = "NO">
         </CommandLineArgument>
         <CommandLineArgument
            argument = "experimental convert_xibrefloc_to_stdrefloc"
            isEnabled = "NO">
         </CommandLineArgument>
         <CommandLineArgument
            argument = "/Users/frizlab/Downloads/xibrefloc.csv"
            isEnabled = "NO">
         </CommandLineArgument>
         <CommandLineArgument
            argument = "/Users/frizlab/Downloads/stdrefloc.csv"
            isEnabled = "NO">
         </CommandLineArgument>
         <CommandLineArgument
            argument = "&#x2014;&#x2014;&#x2014;&#x2014;&#x2014;&#x2014;&#x2014;&#x2014;&#x2014;&#x2014;&#x2014;&#x2014;&#x2014;&#x2014;&#x2014;&#x2014;&#x2014;&#x2014;&#x2014;&#x2014;&#x2014;&#x2014;"
            isEnabled = "NO">
         </CommandLineArgument>
         <CommandLineArgument
            argument = "experimental convert_stdrefloc_to_xibrefloc"
            isEnabled = "NO">
         </CommandLineArgument>
         <CommandLineArgument
            argument = "/Users/frizlab/Downloads/stdrefloc.csv"
            isEnabled = "NO">
         </CommandLineArgument>
         <CommandLineArgument
            argument = "/Users/frizlab/Downloads/xibrefloc_from_std.csv"
            isEnabled = "NO">
         </CommandLineArgument>
         <CommandLineArgument
            argument = "&#x2014;&#x2014;&#x2014;&#x2014;&#x2014;&#x2014;&#x2014;&#x2014;&#x2014;&#x2014;&#x2014;&#x2014;&#x2014;&#x2014;&#x2014;&#x2014;&#x2014;&#x2014;&#x2014;&#x2014;&#x2014;&#x2014;"
            isEnabled = "NO">
         </CommandLineArgument>
         <CommandLineArgument
            argument = "experimental create_initial_android_mapping_from_std_ref_loc"
            isEnabled = "NO">
         </CommandLineArgument>
         <CommandLineArgument
            argument = "/Users/frizlab/Downloads/happn-android/locmapper/android.lcm"
            isEnabled = "NO">
         </CommandLineArgument>
         <CommandLineArgument
            argument = "&#x2014;&#x2014;&#x2014;&#x2014;&#x2014;&#x2014;&#x2014;&#x2014;&#x2014;&#x2014;&#x2014;&#x2014;&#x2014;&#x2014;&#x2014;&#x2014;&#x2014;&#x2014;&#x2014;&#x2014;&#x2014;&#x2014;"
            isEnabled = "NO">
         </CommandLineArgument>
         <CommandLineArgument
            argument = "standardize_refloc"
            isEnabled = "NO">
         </CommandLineArgument>
         <CommandLineArgument
            argument = "/Users/frizlab/Downloads/xibrefloc.raw.csv"
            isEnabled = "NO">
         </CommandLineArgument>
         <CommandLineArgument
            argument = "/Users/frizlab/Downloads/xibrefloc.csv"
            isEnabled = "NO">
         </CommandLineArgument>
         <CommandLineArgument
            argument = "&#x2014;&#x2014;&#x2014;&#x2014;&#x2014;&#x2014;&#x2014;&#x2014;&#x2014;&#x2014;&#x2014;&#x2014;&#x2014;&#x2014;&#x2014;&#x2014;&#x2014;&#x2014;&#x2014;&#x2014;&#x2014;&#x2014;"
            isEnabled = "NO">
         </CommandLineArgument>
         <CommandLineArgument
            argument = "&quot; English&quot; &quot;Fran&#xe7;ais &#x2014; French&quot; &quot;Deutsch &#x2014; German&quot; &quot;Espa&#xf1;ol &#x2014; Spanish&quot; &quot;Italiano &#x2014; Italian&quot; &quot;Magyar &#x2014; Hungarian&quot; &quot;Polszczyzna &#x2014; Polish&quot; &quot;Portugu&#xea;s brasileiro &#x2014; Portuguese (Brasil)&quot; &quot;Portugu&#xea;s europeu &#x2014; Portuguese (Portugal)&quot; &quot;T&#xfc;rk&#xe7;e &#x2014; Turkish&quot; &quot;&#x420;&#x443;&#x441;&#x441;&#x43a;&#x438;&#x439; &#x44f;&#x437;&#x44b;&#x43a; &#x2014; Russian&quot; &quot;&#xe20;&#xe32;&#xe29;&#xe32;&#xe44;&#xe17;&#xe22; &#x2014; Thai&quot; &quot;&#x4e2d;&#x6587;(&#x9999;&#x6e2f;) &#x2014; Chinese (Traditional)&quot; &quot;&#x65e5;&#x672c;&#x8a9e; &#x2014; Japanese&quot; &quot;&#x395;&#x3bb;&#x3bb;&#x3b7;&#x3bd;&#x3b9;&#x3ba;&#x3ac; &#x2014; Greek&quot;"
            isEnabled = "NO">
         </CommandLineArgument>
         <CommandLineArgument
            argument = "&quot; English&quot; en &quot;Fran&#xe7;ais &#x2014; French&quot; fr &quot;Deutsch &#x2014; German&quot; de &quot;Espa&#xf1;ol &#x2014; Spanish&quot; es &quot;Italiano &#x2014; Italian&quot; it &quot;Magyar &#x2014; Hungarian&quot; hu &quot;Polszczyzna &#x2014; Polish&quot; pl &quot;Portugu&#xea;s brasileiro &#x2014; Portuguese (Brasil)&quot; pt_BR &quot;Portugu&#xea;s europeu &#x2014; Portuguese (Portugal)&quot; pt_PT &quot;T&#xfc;rk&#xe7;e &#x2014; Turkish&quot; tr &quot;&#x420;&#x443;&#x441;&#x441;&#x43a;&#x438;&#x439; &#x44f;&#x437;&#x44b;&#x43a; &#x2014; Russian&quot; ru &quot;&#xe20;&#xe32;&#xe29;&#xe32;&#xe44;&#xe17;&#xe22; &#x2014; Thai&quot; th &quot;&#x4e2d;&#x6587;(&#x9999;&#x6e2f;) &#x2014; Chinese (Traditional)&quot; zh_Hant_TW &quot;&#x65e5;&#x672c;&#x8a9e; &#x2014; Japanese&quot; ja &quot;&#x395;&#x3bb;&#x3bb;&#x3b7;&#x3bd;&#x3b9;&#x3ba;&#x3ac; &#x2014; Greek&quot; el"
            isEnabled = "NO">
         </CommandLineArgument>
         <CommandLineArgument
            argument = "en.lproj &quot; English&quot; fr.lproj &quot;Fran&#xe7;ais &#x2014; French&quot; da.lproj &quot;Dansk &#x2014; Danish&quot; de.lproj &quot;Deutsch &#x2014; German&quot; es.lproj &quot;Espa&#xf1;ol &#x2014; Spanish&quot; es-AR.lproj &quot;Argentino &#x2014; Spanish (Argentina)&quot; it.lproj &quot;Italiano &#x2014; Italian&quot; hu.lproj &quot;Magyar &#x2014; Hungarian&quot; nl.lproj &quot;Nederlands &#x2014; Dutch&quot; nb.lproj &quot;Norsk Bokm&#xe5;l &#x2014; Norwegian Bokm&#xe5;l&quot; pl.lproj &quot;Polszczyzna &#x2014; Polish&quot; pt.lproj &quot;Portugu&#xea;s brasileiro &#x2014; Portuguese (Brasil)&quot; pt-PT.lproj &quot;Portugu&#xea;s europeu &#x2014; Portuguese (Portugal)&quot; sv.lproj &quot;Svenska &#x2014; Swedish&quot; tr.lproj &quot;T&#xfc;rk&#xe7;e &#x2014; Turkish&quot; el.lproj &quot;&#x395;&#x3bb;&#x3bb;&#x3b7;&#x3bd;&#x3b9;&#x3ba;&#x3ac; &#x2014; Greek&quot; ru.lproj &quot;&#x420;&#x443;&#x441;&#x441;&#x43a;&#x438;&#x439; &#x44f;&#x437;&#x44b;&#x43a; &#x2014; Russian&quot; hi.lproj &quot;&#x928;&#x939;&#x940;&#x902; &#x2014; Hindi&quot; te-IN.lproj &quot;&#xc24;&#xc46;&#xc32;&#xc41;&#xc17;&#xc41; &#x2014; Telugu&quot; th.lproj &quot;&#xe20;&#xe32;&#xe29;&#xe32;&#xe44;&#xe17;&#xe22; &#x2014; Thai&quot; zh-Hant.lproj &quot;&#x4e2d;&#x6587;(&#x9999;&#x6e2f;) &#x2014; Chinese (Traditional)&quot; ja.lproj &quot;&#x65e5;&#x672c;&#x8a9e; &#x2014; Japanese&quot;"
            isEnabled = "NO">
         </CommandLineArgument>
         <CommandLineArgument
            argument = "en &quot; English&quot; fr &quot;Fran&#xe7;ais &#x2014; French&quot; da &quot;Dansk &#x2014; Danish&quot; de &quot;Deutsch &#x2014; German&quot; es &quot;Espa&#xf1;ol &#x2014; Spanish&quot; es_AR &quot;Argentino &#x2014; Spanish (Argentina)&quot; it &quot;Italiano &#x2014; Italian&quot; hu &quot;Magyar &#x2014; Hungarian&quot; nl &quot;Nederlands &#x2014; Dutch&quot; nb &quot;Norsk Bokm&#xe5;l &#x2014; Norwegian Bokm&#xe5;l&quot; pl &quot;Polszczyzna &#x2014; Polish&quot; pt_BR &quot;Portugu&#xea;s brasileiro &#x2014; Portuguese (Brasil)&quot; pt_PT &quot;Portugu&#xea;s europeu &#x2014; Portuguese (Portugal)&quot; sv &quot;Svenska &#x2014; Swedish&quot; tr &quot;T&#xfc;rk&#xe7;e &#x2014; Turkish&quot; el &quot;&#x395;&#x3bb;&#x3bb;&#x3b7;&#x3bd;&#x3b9;&#x3ba;&#x3ac; &#x2014; Greek&quot; ru &quot;&#x420;&#x443;&#x441;&#x441;&#x43a;&#x438;&#x439; &#x44f;&#x437;&#x44b;&#x43a; &#x2014; Russian&quot; hi_IN &quot;&#x928;&#x939;&#x940;&#x902; &#x2014; Hindi&quot; te_IN &quot;&#xc24;&#xc46;&#xc32;&#xc41;&#xc17;&#xc41; &#x2014; Telugu&quot; th &quot;&#xe20;&#xe32;&#xe29;&#xe32;&#xe44;&#xe17;&#xe22; &#x2014; Thai&quot; zh_Hant_TW &quot;&#x4e2d;&#x6587;(&#x9999;&#x6e2f;) &#x2014; Chinese (Traditional)&quot; ja &quot;&#x65e5;&#x672c;&#x8a9e; &#x2014; Japanese&quot;"
            isEnabled = "NO">
         </CommandLineArgument>
         <CommandLineArgument
            argument = "en &quot; English&quot; da &quot;Dansk &#x2014; Danish&quot; de &quot;Deutsch &#x2014; German&quot; el &quot;&#x395;&#x3bb;&#x3bb;&#x3b7;&#x3bd;&#x3b9;&#x3ba;&#x3ac; &#x2014; Greek&quot; es &quot;Espa&#xf1;ol &#x2014; Spanish&quot; es_AR &quot;Espa&#xf1;ol &#x2014; Argentina&quot; es_419 &quot;Espa&#xf1;ol &#x2014; Latin America&quot; fr &quot;Fran&#xe7;ais &#x2014; French&quot; hi_IN &quot;&#x939;&#x93f;&#x928;&#x94d;&#x926;&#x940; &#x2014; Hindi&quot; hu &quot;Magyar &#x2014; Hungarian&quot; it &quot;Italiano &#x2014; Italian&quot; ja &quot;&#x65e5;&#x672c;&#x8a9e; &#x2014; Japanese&quot; nb &quot;Norsk &#x2014; Norwegian&quot; nl &quot;Nederlands - Dutch&quot; pl &quot;Polszczyzna &#x2014; Polish&quot; pt_PT &quot;Portugu&#xea;s europeu &#x2014; Portuguese (Portugal)&quot; pt_BR &quot;Portugu&#xea;s brasileiro &#x2014; Portuguese (Brasil)&quot; ru &quot;&#x420;&#x443;&#x441;&#x441;&#x43a;&#x438;&#x439; &#x44f;&#x437;&#x44b;&#x43a; &#x2014; Russian&quot; sv &quot;Svenska &#x2014; Swedish&quot; te_IN &quot;&#xc24;&#xc46;&#xc32;&#xc41;&#xc17;&#xc41; &#x2014; Telugu (India)&quot; th &quot;&#xe20;&#xe32;&#xe29;&#xe32;&#xe44;&#xe17;&#xe22; &#x2014; Thai&quot; tr &quot;T&#xfc;rk&#xe7;e &#x2014; Turkish&quot; zh_Hant_TW &quot;&#x4e2d;&#x6587;(&#x9999;&#x6e2f;) &#x2014; Chinese (Traditional)&quot;"
            isEnabled = "NO">
         </CommandLineArgument>
         <CommandLineArgument
            argument = "values &quot; English&quot; values-da &quot;Dansk &#x2014; Danish&quot; values-de &quot;Deutsch &#x2014; German&quot; values-el &quot;&#x395;&#x3bb;&#x3bb;&#x3b7;&#x3bd;&#x3b9;&#x3ba;&#x3ac; &#x2014; Greek&quot; values-es &quot;Espa&#xf1;ol &#x2014; Spanish&quot; values-es-rAR &quot;Espa&#xf1;ol &#x2014; Argentina&quot; values-es-rUY &quot;Espa&#xf1;ol &#x2014; Argentina&quot; values-es-rUS &quot;Espa&#xf1;ol &#x2014; Latin America&quot; values-es-rBO &quot;Espa&#xf1;ol &#x2014; Latin America&quot; values-es-rCL &quot;Espa&#xf1;ol &#x2014; Latin America&quot; values-es-rCO &quot;Espa&#xf1;ol &#x2014; Latin America&quot; values-es-rCR &quot;Espa&#xf1;ol &#x2014; Latin America&quot; values-es-rCU &quot;Espa&#xf1;ol &#x2014; Latin America&quot; values-es-rDO &quot;Espa&#xf1;ol &#x2014; Latin America&quot; values-es-rEC &quot;Espa&#xf1;ol &#x2014; Latin America&quot; values-es-rSV &quot;Espa&#xf1;ol &#x2014; Latin America&quot; values-es-rGT &quot;Espa&#xf1;ol &#x2014; Latin America&quot; values-es-rHN &quot;Espa&#xf1;ol &#x2014; Latin America&quot; values-es-rMX &quot;Espa&#xf1;ol &#x2014; Latin America&quot; values-es-rNI &quot;Espa&#xf1;ol &#x2014; Latin America&quot; values-es-rPA &quot;Espa&#xf1;ol &#x2014; Latin America&quot; values-es-rPY &quot;Espa&#xf1;ol &#x2014; Latin America&quot; values-es-rEP &quot;Espa&#xf1;ol &#x2014; Latin America&quot; values-es-rPR &quot;Espa&#xf1;ol &#x2014; Latin America&quot; values-es-rVE &quot;Espa&#xf1;ol &#x2014; Latin America&quot; values-fr &quot;Fran&#xe7;ais &#x2014; French&quot; values-hi &quot;&#x939;&#x93f;&#x928;&#x94d;&#x926;&#x940; &#x2014; Hindi&quot; values-hu &quot;Magyar &#x2014; Hungarian&quot; values-it &quot;Italiano &#x2014; Italian&quot; values-ja &quot;&#x65e5;&#x672c;&#x8a9e; &#x2014; Japanese&quot; values-nb &quot;Norsk &#x2014; Norwegian&quot; values-nl &quot;Nederlands - Dutch&quot; values-pl &quot;Polszczyzna &#x2014; Polish&quot; values-pt &quot;Portugu&#xea;s europeu &#x2014; Portuguese (Portugal)&quot; values-pt-rBR &quot;Portugu&#xea;s brasileiro &#x2014; Portuguese (Brasil)&quot; values-ru &quot;&#x420;&#x443;&#x441;&#x441;&#x43a;&#x438;&#x439; &#x44f;&#x437;&#x44b;&#x43a; &#x2014; Russian&quot; values-sv &quot;Svenska &#x2014; Swedish&quot; values-te &quot;&#xc24;&#xc46;&#xc32;&#xc41;&#xc17;&#xc41; &#x2014; Telugu (India)&quot; values-th &quot;&#xe20;&#xe32;&#xe29;&#xe32;&#xe44;&#xe17;&#xe22; &#x2014; Thai&quot; values-tr &quot;T&#xfc;rk&#xe7;e &#x2014; Turkish&quot; values-zh &quot;&#x4e2d;&#x6587;(&#x9999;&#x6e2f;) &#x2014; Chinese (Traditional)&quot;"
            isEnabled = "NO">
         </CommandLineArgument>
      </CommandLineArguments>
   </LaunchAction>
   <ProfileAction
      buildConfiguration = "Release"
      shouldUseLaunchSchemeArgsEnv = "YES"
      savedToolIdentifier = ""
      useCustomWorkingDirectory = "NO"
      debugDocumentVersioning = "YES">
      <BuildableProductRunnable
         runnableDebuggingMode = "0">
         <BuildableReference
            BuildableIdentifier = "primary"
            BlueprintIdentifier = "7B6E259E19D4157A001934ED"
            BuildableName = "locmapper"
            BlueprintName = "LocMapper CLI"
            ReferencedContainer = "container:LocMapper.xcodeproj">
         </BuildableReference>
      </BuildableProductRunnable>
   </ProfileAction>
   <AnalyzeAction
      buildConfiguration = "Debug">
   </AnalyzeAction>
   <ArchiveAction
      buildConfiguration = "Release"
      revealArchiveInOrganizer = "YES">
   </ArchiveAction>
</Scheme>
